// !$*UTF8*$!
{
	archiveVersion = 1;
	classes = {
	};
	objectVersion = 46;
	objects = {

/* Begin PBXBuildFile section */
		C0FC71C31B0CF2B100806B50 /* main.m in Sources */ = {isa = PBXBuildFile; fileRef = C0FC71C21B0CF2B100806B50 /* main.m */; };
		C0FC71C61B0CF2B100806B50 /* AppDelegate.m in Sources */ = {isa = PBXBuildFile; fileRef = C0FC71C51B0CF2B100806B50 /* AppDelegate.m */; };
		C0FC71C91B0CF2B100806B50 /* CoreDataExample.xcdatamodeld in Sources */ = {isa = PBXBuildFile; fileRef = C0FC71C71B0CF2B100806B50 /* CoreDataExample.xcdatamodeld */; };
		C0FC71CC1B0CF2B100806B50 /* ViewController.m in Sources */ = {isa = PBXBuildFile; fileRef = C0FC71CB1B0CF2B100806B50 /* ViewController.m */; };
		C0FC71CF1B0CF2B100806B50 /* Main.storyboard in Resources */ = {isa = PBXBuildFile; fileRef = C0FC71CD1B0CF2B100806B50 /* Main.storyboard */; };
		C0FC71D11B0CF2B100806B50 /* Images.xcassets in Resources */ = {isa = PBXBuildFile; fileRef = C0FC71D01B0CF2B100806B50 /* Images.xcassets */; };
		C0FC71D41B0CF2B100806B50 /* LaunchScreen.xib in Resources */ = {isa = PBXBuildFile; fileRef = C0FC71D21B0CF2B100806B50 /* LaunchScreen.xib */; };
		C0FC71E01B0CF2B100806B50 /* CoreDataExampleTests.m in Sources */ = {isa = PBXBuildFile; fileRef = C0FC71DF1B0CF2B100806B50 /* CoreDataExampleTests.m */; };
		C0FC71EB1B0CF6EF00806B50 /* Address.m in Sources */ = {isa = PBXBuildFile; fileRef = C0FC71EA1B0CF6EF00806B50 /* Address.m */; };
		C0FC71EE1B0CF6EF00806B50 /* Contact.m in Sources */ = {isa = PBXBuildFile; fileRef = C0FC71ED1B0CF6EF00806B50 /* Contact.m */; };
		C0FC71F11B0CF8C200806B50 /* Contact+Calculated.m in Sources */ = {isa = PBXBuildFile; fileRef = C0FC71F01B0CF8C200806B50 /* Contact+Calculated.m */; };
		C0FC71F41B0CFBC500806B50 /* Contact+Duplicated.m in Sources */ = {isa = PBXBuildFile; fileRef = C0FC71F31B0CFBC500806B50 /* Contact+Duplicated.m */; };
/* End PBXBuildFile section */

/* Begin PBXContainerItemProxy section */
		C0FC71DA1B0CF2B100806B50 /* PBXContainerItemProxy */ = {
			isa = PBXContainerItemProxy;
			containerPortal = C0FC71B51B0CF2B000806B50 /* Project object */;
			proxyType = 1;
			remoteGlobalIDString = C0FC71BC1B0CF2B100806B50;
			remoteInfo = CoreDataExample;
		};
/* End PBXContainerItemProxy section */

/* Begin PBXFileReference section */
		C0FC71BD1B0CF2B100806B50 /* CoreDataExample.app */ = {isa = PBXFileReference; explicitFileType = wrapper.application; includeInIndex = 0; path = CoreDataExample.app; sourceTree = BUILT_PRODUCTS_DIR; };
		C0FC71C11B0CF2B100806B50 /* Info.plist */ = {isa = PBXFileReference; lastKnownFileType = text.plist.xml; path = Info.plist; sourceTree = "<group>"; };
		C0FC71C21B0CF2B100806B50 /* main.m */ = {isa = PBXFileReference; lastKnownFileType = sourcecode.c.objc; path = main.m; sourceTree = "<group>"; };
		C0FC71C41B0CF2B100806B50 /* AppDelegate.h */ = {isa = PBXFileReference; lastKnownFileType = sourcecode.c.h; path = AppDelegate.h; sourceTree = "<group>"; };
		C0FC71C51B0CF2B100806B50 /* AppDelegate.m */ = {isa = PBXFileReference; lastKnownFileType = sourcecode.c.objc; path = AppDelegate.m; sourceTree = "<group>"; };
		C0FC71C81B0CF2B100806B50 /* CoreDataExample.xcdatamodel */ = {isa = PBXFileReference; lastKnownFileType = wrapper.xcdatamodel; path = CoreDataExample.xcdatamodel; sourceTree = "<group>"; };
		C0FC71CA1B0CF2B100806B50 /* ViewController.h */ = {isa = PBXFileReference; lastKnownFileType = sourcecode.c.h; path = ViewController.h; sourceTree = "<group>"; };
		C0FC71CB1B0CF2B100806B50 /* ViewController.m */ = {isa = PBXFileReference; lastKnownFileType = sourcecode.c.objc; path = ViewController.m; sourceTree = "<group>"; };
		C0FC71CE1B0CF2B100806B50 /* Base */ = {isa = PBXFileReference; lastKnownFileType = file.storyboard; name = Base; path = Base.lproj/Main.storyboard; sourceTree = "<group>"; };
		C0FC71D01B0CF2B100806B50 /* Images.xcassets */ = {isa = PBXFileReference; lastKnownFileType = folder.assetcatalog; path = Images.xcassets; sourceTree = "<group>"; };
		C0FC71D31B0CF2B100806B50 /* Base */ = {isa = PBXFileReference; lastKnownFileType = file.xib; name = Base; path = Base.lproj/LaunchScreen.xib; sourceTree = "<group>"; };
		C0FC71D91B0CF2B100806B50 /* CoreDataExampleTests.xctest */ = {isa = PBXFileReference; explicitFileType = wrapper.cfbundle; includeInIndex = 0; path = CoreDataExampleTests.xctest; sourceTree = BUILT_PRODUCTS_DIR; };
		C0FC71DE1B0CF2B100806B50 /* Info.plist */ = {isa = PBXFileReference; lastKnownFileType = text.plist.xml; path = Info.plist; sourceTree = "<group>"; };
		C0FC71DF1B0CF2B100806B50 /* CoreDataExampleTests.m */ = {isa = PBXFileReference; lastKnownFileType = sourcecode.c.objc; path = CoreDataExampleTests.m; sourceTree = "<group>"; };
		C0FC71E91B0CF6EF00806B50 /* Address.h */ = {isa = PBXFileReference; fileEncoding = 4; lastKnownFileType = sourcecode.c.h; path = Address.h; sourceTree = "<group>"; };
		C0FC71EA1B0CF6EF00806B50 /* Address.m */ = {isa = PBXFileReference; fileEncoding = 4; lastKnownFileType = sourcecode.c.objc; path = Address.m; sourceTree = "<group>"; };
		C0FC71EC1B0CF6EF00806B50 /* Contact.h */ = {isa = PBXFileReference; fileEncoding = 4; lastKnownFileType = sourcecode.c.h; path = Contact.h; sourceTree = "<group>"; };
		C0FC71ED1B0CF6EF00806B50 /* Contact.m */ = {isa = PBXFileReference; fileEncoding = 4; lastKnownFileType = sourcecode.c.objc; path = Contact.m; sourceTree = "<group>"; };
		C0FC71EF1B0CF8C200806B50 /* Contact+Calculated.h */ = {isa = PBXFileReference; fileEncoding = 4; lastKnownFileType = sourcecode.c.h; path = "Contact+Calculated.h"; sourceTree = "<group>"; };
		C0FC71F01B0CF8C200806B50 /* Contact+Calculated.m */ = {isa = PBXFileReference; fileEncoding = 4; lastKnownFileType = sourcecode.c.objc; path = "Contact+Calculated.m"; sourceTree = "<group>"; };
		C0FC71F21B0CFBC500806B50 /* Contact+Duplicated.h */ = {isa = PBXFileReference; fileEncoding = 4; lastKnownFileType = sourcecode.c.h; path = "Contact+Duplicated.h"; sourceTree = "<group>"; };
		C0FC71F31B0CFBC500806B50 /* Contact+Duplicated.m */ = {isa = PBXFileReference; fileEncoding = 4; lastKnownFileType = sourcecode.c.objc; path = "Contact+Duplicated.m"; sourceTree = "<group>"; };
/* End PBXFileReference section */

/* Begin PBXFrameworksBuildPhase section */
		C0FC71BA1B0CF2B100806B50 /* Frameworks */ = {
			isa = PBXFrameworksBuildPhase;
			buildActionMask = 2147483647;
			files = (
			);
			runOnlyForDeploymentPostprocessing = 0;
		};
		C0FC71D61B0CF2B100806B50 /* Frameworks */ = {
			isa = PBXFrameworksBuildPhase;
			buildActionMask = 2147483647;
			files = (
			);
			runOnlyForDeploymentPostprocessing = 0;
		};
/* End PBXFrameworksBuildPhase section */

/* Begin PBXGroup section */
		C0FC71B41B0CF2B000806B50 = {
			isa = PBXGroup;
			children = (
				C0FC71BF1B0CF2B100806B50 /* CoreDataExample */,
				C0FC71DC1B0CF2B100806B50 /* CoreDataExampleTests */,
				C0FC71BE1B0CF2B100806B50 /* Products */,
			);
			sourceTree = "<group>";
		};
		C0FC71BE1B0CF2B100806B50 /* Products */ = {
			isa = PBXGroup;
			children = (
				C0FC71BD1B0CF2B100806B50 /* CoreDataExample.app */,
				C0FC71D91B0CF2B100806B50 /* CoreDataExampleTests.xctest */,
			);
			name = Products;
			sourceTree = "<group>";
		};
		C0FC71BF1B0CF2B100806B50 /* CoreDataExample */ = {
			isa = PBXGroup;
			children = (
				C0FC71EC1B0CF6EF00806B50 /* Contact.h */,
				C0FC71EF1B0CF8C200806B50 /* Contact+Calculated.h */,
				C0FC71F01B0CF8C200806B50 /* Contact+Calculated.m */,
				C0FC71F21B0CFBC500806B50 /* Contact+Duplicated.h */,
				C0FC71F31B0CFBC500806B50 /* Contact+Duplicated.m */,
				C0FC71ED1B0CF6EF00806B50 /* Contact.m */,
				C0FC71E91B0CF6EF00806B50 /* Address.h */,
				C0FC71EA1B0CF6EF00806B50 /* Address.m */,
				C0FC71C41B0CF2B100806B50 /* AppDelegate.h */,
				C0FC71C51B0CF2B100806B50 /* AppDelegate.m */,
				C0FC71CA1B0CF2B100806B50 /* ViewController.h */,
				C0FC71CB1B0CF2B100806B50 /* ViewController.m */,
				C0FC71CD1B0CF2B100806B50 /* Main.storyboard */,
				C0FC71D01B0CF2B100806B50 /* Images.xcassets */,
				C0FC71D21B0CF2B100806B50 /* LaunchScreen.xib */,
				C0FC71C71B0CF2B100806B50 /* CoreDataExample.xcdatamodeld */,
				C0FC71C01B0CF2B100806B50 /* Supporting Files */,
			);
			path = CoreDataExample;
			sourceTree = "<group>";
		};
		C0FC71C01B0CF2B100806B50 /* Supporting Files */ = {
			isa = PBXGroup;
			children = (
				C0FC71C11B0CF2B100806B50 /* Info.plist */,
				C0FC71C21B0CF2B100806B50 /* main.m */,
			);
			name = "Supporting Files";
			sourceTree = "<group>";
		};
		C0FC71DC1B0CF2B100806B50 /* CoreDataExampleTests */ = {
			isa = PBXGroup;
			children = (
				C0FC71DF1B0CF2B100806B50 /* CoreDataExampleTests.m */,
				C0FC71DD1B0CF2B100806B50 /* Supporting Files */,
			);
			path = CoreDataExampleTests;
			sourceTree = "<group>";
		};
		C0FC71DD1B0CF2B100806B50 /* Supporting Files */ = {
			isa = PBXGroup;
			children = (
				C0FC71DE1B0CF2B100806B50 /* Info.plist */,
			);
			name = "Supporting Files";
			sourceTree = "<group>";
		};
/* End PBXGroup section */

/* Begin PBXNativeTarget section */
		C0FC71BC1B0CF2B100806B50 /* CoreDataExample */ = {
			isa = PBXNativeTarget;
			buildConfigurationList = C0FC71E31B0CF2B100806B50 /* Build configuration list for PBXNativeTarget "CoreDataExample" */;
			buildPhases = (
				C0FC71B91B0CF2B100806B50 /* Sources */,
				C0FC71BA1B0CF2B100806B50 /* Frameworks */,
				C0FC71BB1B0CF2B100806B50 /* Resources */,
			);
			buildRules = (
			);
			dependencies = (
			);
			name = CoreDataExample;
			productName = CoreDataExample;
			productReference = C0FC71BD1B0CF2B100806B50 /* CoreDataExample.app */;
			productType = "com.apple.product-type.application";
		};
		C0FC71D81B0CF2B100806B50 /* CoreDataExampleTests */ = {
			isa = PBXNativeTarget;
			buildConfigurationList = C0FC71E61B0CF2B100806B50 /* Build configuration list for PBXNativeTarget "CoreDataExampleTests" */;
			buildPhases = (
				C0FC71D51B0CF2B100806B50 /* Sources */,
				C0FC71D61B0CF2B100806B50 /* Frameworks */,
				C0FC71D71B0CF2B100806B50 /* Resources */,
			);
			buildRules = (
			);
			dependencies = (
				C0FC71DB1B0CF2B100806B50 /* PBXTargetDependency */,
			);
			name = CoreDataExampleTests;
			productName = CoreDataExampleTests;
			productReference = C0FC71D91B0CF2B100806B50 /* CoreDataExampleTests.xctest */;
			productType = "com.apple.product-type.bundle.unit-test";
		};
/* End PBXNativeTarget section */

/* Begin PBXProject section */
		C0FC71B51B0CF2B000806B50 /* Project object */ = {
			isa = PBXProject;
			attributes = {
				LastUpgradeCheck = 0630;
				ORGANIZATIONNAME = Riaan;
				TargetAttributes = {
					C0FC71BC1B0CF2B100806B50 = {
						CreatedOnToolsVersion = 6.3.1;
					};
					C0FC71D81B0CF2B100806B50 = {
						CreatedOnToolsVersion = 6.3.1;
						TestTargetID = C0FC71BC1B0CF2B100806B50;
					};
				};
			};
			buildConfigurationList = C0FC71B81B0CF2B000806B50 /* Build configuration list for PBXProject "CoreDataExample" */;
			compatibilityVersion = "Xcode 3.2";
			developmentRegion = English;
			hasScannedForEncodings = 0;
			knownRegions = (
				en,
				Base,
			);
			mainGroup = C0FC71B41B0CF2B000806B50;
			productRefGroup = C0FC71BE1B0CF2B100806B50 /* Products */;
			projectDirPath = "";
			projectRoot = "";
			targets = (
				C0FC71BC1B0CF2B100806B50 /* CoreDataExample */,
				C0FC71D81B0CF2B100806B50 /* CoreDataExampleTests */,
			);
		};
/* End PBXProject section */

/* Begin PBXResourcesBuildPhase section */
		C0FC71BB1B0CF2B100806B50 /* Resources */ = {
			isa = PBXResourcesBuildPhase;
			buildActionMask = 2147483647;
			files = (
				C0FC71CF1B0CF2B100806B50 /* Main.storyboard in Resources */,
				C0FC71D41B0CF2B100806B50 /* LaunchScreen.xib in Resources */,
				C0FC71D11B0CF2B100806B50 /* Images.xcassets in Resources */,
			);
			runOnlyForDeploymentPostprocessing = 0;
		};
		C0FC71D71B0CF2B100806B50 /* Resources */ = {
			isa = PBXResourcesBuildPhase;
			buildActionMask = 2147483647;
			files = (
			);
			runOnlyForDeploymentPostprocessing = 0;
		};
/* End PBXResourcesBuildPhase section */

/* Begin PBXSourcesBuildPhase section */
		C0FC71B91B0CF2B100806B50 /* Sources */ = {
			isa = PBXSourcesBuildPhase;
			buildActionMask = 2147483647;
			files = (
				C0FC71C61B0CF2B100806B50 /* AppDelegate.m in Sources */,
				C0FC71C31B0CF2B100806B50 /* main.m in Sources */,
				C0FC71CC1B0CF2B100806B50 /* ViewController.m in Sources */,
				C0FC71EB1B0CF6EF00806B50 /* Address.m in Sources */,
				C0FC71EE1B0CF6EF00806B50 /* Contact.m in Sources */,
				C0FC71F41B0CFBC500806B50 /* Contact+Duplicated.m in Sources */,
				C0FC71F11B0CF8C200806B50 /* Contact+Calculated.m in Sources */,
				C0FC71C91B0CF2B100806B50 /* CoreDataExample.xcdatamodeld in Sources */,
			);
			runOnlyForDeploymentPostprocessing = 0;
		};
		C0FC71D51B0CF2B100806B50 /* Sources */ = {
			isa = PBXSourcesBuildPhase;
			buildActionMask = 2147483647;
			files = (
				C0FC71E01B0CF2B100806B50 /* CoreDataExampleTests.m in Sources */,
			);
			runOnlyForDeploymentPostprocessing = 0;
		};
/* End PBXSourcesBuildPhase section */

/* Begin PBXTargetDependency section */
		C0FC71DB1B0CF2B100806B50 /* PBXTargetDependency */ = {
			isa = PBXTargetDependency;
			target = C0FC71BC1B0CF2B100806B50 /* CoreDataExample */;
			targetProxy = C0FC71DA1B0CF2B100806B50 /* PBXContainerItemProxy */;
		};
/* End PBXTargetDependency section */

/* Begin PBXVariantGroup section */
		C0FC71CD1B0CF2B100806B50 /* Main.storyboard */ = {
			isa = PBXVariantGroup;
			children = (
				C0FC71CE1B0CF2B100806B50 /* Base */,
			);
			name = Main.storyboard;
			sourceTree = "<group>";
		};
		C0FC71D21B0CF2B100806B50 /* LaunchScreen.xib */ = {
			isa = PBXVariantGroup;
			children = (
				C0FC71D31B0CF2B100806B50 /* Base */,
			);
			name = LaunchScreen.xib;
			sourceTree = "<group>";
		};
/* End PBXVariantGroup section */

/* Begin XCBuildConfiguration section */
		C0FC71E11B0CF2B100806B50 /* Debug */ = {
			isa = XCBuildConfiguration;
			buildSettings = {
				ALWAYS_SEARCH_USER_PATHS = NO;
				CLANG_CXX_LANGUAGE_STANDARD = "gnu++0x";
				CLANG_CXX_LIBRARY = "libc++";
				CLANG_ENABLE_MODULES = YES;
				CLANG_ENABLE_OBJC_ARC = YES;
				CLANG_WARN_BOOL_CONVERSION = YES;
				CLANG_WARN_CONSTANT_CONVERSION = YES;
				CLANG_WARN_DIRECT_OBJC_ISA_USAGE = YES_ERROR;
				CLANG_WARN_EMPTY_BODY = YES;
				CLANG_WARN_ENUM_CONVERSION = YES;
				CLANG_WARN_INT_CONVERSION = YES;
				CLANG_WARN_OBJC_ROOT_CLASS = YES_ERROR;
				CLANG_WARN_UNREACHABLE_CODE = YES;
				CLANG_WARN__DUPLICATE_METHOD_MATCH = YES;
				"CODE_SIGN_IDENTITY[sdk=iphoneos*]" = "iPhone Developer";
				COPY_PHASE_STRIP = NO;
				DEBUG_INFORMATION_FORMAT = "dwarf-with-dsym";
				ENABLE_STRICT_OBJC_MSGSEND = YES;
				GCC_C_LANGUAGE_STANDARD = gnu99;
				GCC_DYNAMIC_NO_PIC = NO;
				GCC_NO_COMMON_BLOCKS = YES;
				GCC_OPTIMIZATION_LEVEL = 0;
				GCC_PREPROCESSOR_DEFINITIONS = (
					"DEBUG=1",
					"$(inherited)",
				);
				GCC_SYMBOLS_PRIVATE_EXTERN = NO;
				GCC_WARN_64_TO_32_BIT_CONVERSION = YES;
				GCC_WARN_ABOUT_RETURN_TYPE = YES_ERROR;
				GCC_WARN_UNDECLARED_SELECTOR = YES;
				GCC_WARN_UNINITIALIZED_AUTOS = YES_AGGRESSIVE;
				GCC_WARN_UNUSED_FUNCTION = YES;
				GCC_WARN_UNUSED_VARIABLE = YES;
				IPHONEOS_DEPLOYMENT_TARGET = 8.3;
				MTL_ENABLE_DEBUG_INFO = YES;
				ONLY_ACTIVE_ARCH = YES;
				SDKROOT = iphoneos;
			};
			name = Debug;
		};
		C0FC71E21B0CF2B100806B50 /* Release */ = {
			isa = XCBuildConfiguration;
			buildSettings = {
				ALWAYS_SEARCH_USER_PATHS = NO;
				CLANG_CXX_LANGUAGE_STANDARD = "gnu++0x";
				CLANG_CXX_LIBRARY = "libc++";
				CLANG_ENABLE_MODULES = YES;
				CLANG_ENABLE_OBJC_ARC = YES;
				CLANG_WARN_BOOL_CONVERSION = YES;
				CLANG_WARN_CONSTANT_CONVERSION = YES;
				CLANG_WARN_DIRECT_OBJC_ISA_USAGE = YES_ERROR;
				CLANG_WARN_EMPTY_BODY = YES;
				CLANG_WARN_ENUM_CONVERSION = YES;
				CLANG_WARN_INT_CONVERSION = YES;
				CLANG_WARN_OBJC_ROOT_CLASS = YES_ERROR;
				CLANG_WARN_UNREACHABLE_CODE = YES;
				CLANG_WARN__DUPLICATE_METHOD_MATCH = YES;
				"CODE_SIGN_IDENTITY[sdk=iphoneos*]" = "iPhone Developer";
				COPY_PHASE_STRIP = NO;
				DEBUG_INFORMATION_FORMAT = "dwarf-with-dsym";
				ENABLE_NS_ASSERTIONS = NO;
				ENABLE_STRICT_OBJC_MSGSEND = YES;
				GCC_C_LANGUAGE_STANDARD = gnu99;
				GCC_NO_COMMON_BLOCKS = YES;
				GCC_WARN_64_TO_32_BIT_CONVERSION = YES;
				GCC_WARN_ABOUT_RETURN_TYPE = YES_ERROR;
				GCC_WARN_UNDECLARED_SELECTOR = YES;
				GCC_WARN_UNINITIALIZED_AUTOS = YES_AGGRESSIVE;
				GCC_WARN_UNUSED_FUNCTION = YES;
				GCC_WARN_UNUSED_VARIABLE = YES;
				IPHONEOS_DEPLOYMENT_TARGET = 8.3;
				MTL_ENABLE_DEBUG_INFO = NO;
				SDKROOT = iphoneos;
				VALIDATE_PRODUCT = YES;
			};
			name = Release;
		};
		C0FC71E41B0CF2B100806B50 /* Debug */ = {
			isa = XCBuildConfiguration;
			buildSettings = {
				ASSETCATALOG_COMPILER_APPICON_NAME = AppIcon;
				INFOPLIST_FILE = CoreDataExample/Info.plist;
				LD_RUNPATH_SEARCH_PATHS = "$(inherited) @executable_path/Frameworks";
				PRODUCT_NAME = "$(TARGET_NAME)";
			};
			name = Debug;
		};
		C0FC71E51B0CF2B100806B50 /* Release */ = {
			isa = XCBuildConfiguration;
			buildSettings = {
				ASSETCATALOG_COMPILER_APPICON_NAME = AppIcon;
				INFOPLIST_FILE = CoreDataExample/Info.plist;
				LD_RUNPATH_SEARCH_PATHS = "$(inherited) @executable_path/Frameworks";
				PRODUCT_NAME = "$(TARGET_NAME)";
			};
			name = Release;
		};
		C0FC71E71B0CF2B100806B50 /* Debug */ = {
			isa = XCBuildConfiguration;
			buildSettings = {
				BUNDLE_LOADER = "$(TEST_HOST)";
				FRAMEWORK_SEARCH_PATHS = (
					"$(SDKROOT)/Developer/Library/Frameworks",
					"$(inherited)",
				);
				GCC_PREPROCESSOR_DEFINITIONS = (
					"DEBUG=1",
					"$(inherited)",
				);
				INFOPLIST_FILE = CoreDataExampleTests/Info.plist;
				LD_RUNPATH_SEARCH_PATHS = "$(inherited) @executable_path/Frameworks @loader_path/Frameworks";
				PRODUCT_NAME = "$(TARGET_NAME)";
				TEST_HOST = "$(BUILT_PRODUCTS_DIR)/CoreDataExample.app/CoreDataExample";
			};
			name = Debug;
		};
		C0FC71E81B0CF2B100806B50 /* Release */ = {
			isa = XCBuildConfiguration;
			buildSettings = {
				BUNDLE_LOADER = "$(TEST_HOST)";
				FRAMEWORK_SEARCH_PATHS = (
					"$(SDKROOT)/Developer/Library/Frameworks",
					"$(inherited)",
				);
				INFOPLIST_FILE = CoreDataExampleTests/Info.plist;
				LD_RUNPATH_SEARCH_PATHS = "$(inherited) @executable_path/Frameworks @loader_path/Frameworks";
				PRODUCT_NAME = "$(TARGET_NAME)";
				TEST_HOST = "$(BUILT_PRODUCTS_DIR)/CoreDataExample.app/CoreDataExample";
			};
			name = Release;
		};
/* End XCBuildConfiguration section */

/* Begin XCConfigurationList section */
		C0FC71B81B0CF2B000806B50 /* Build configuration list for PBXProject "CoreDataExample" */ = {
			isa = XCConfigurationList;
			buildConfigurations = (
				C0FC71E11B0CF2B100806B50 /* Debug */,
				C0FC71E21B0CF2B100806B50 /* Release */,
			);
			defaultConfigurationIsVisible = 0;
			defaultConfigurationName = Release;
		};
		C0FC71E31B0CF2B100806B50 /* Build configuration list for PBXNativeTarget "CoreDataExample" */ = {
			isa = XCConfigurationList;
			buildConfigurations = (
				C0FC71E41B0CF2B100806B50 /* Debug */,
				C0FC71E51B0CF2B100806B50 /* Release */,
			);
			defaultConfigurationIsVisible = 0;
		};
		C0FC71E61B0CF2B100806B50 /* Build configuration list for PBXNativeTarget "CoreDataExampleTests" */ = {
			isa = XCConfigurationList;
			buildConfigurations = (
				C0FC71E71B0CF2B100806B50 /* Debug */,
				C0FC71E81B0CF2B100806B50 /* Release */,
			);
			defaultConfigurationIsVisible = 0;
		};
/* End XCConfigurationList section */

/* Begin XCVersionGroup section */
		C0FC71C71B0CF2B100806B50 /* CoreDataExample.xcdatamodeld */ = {
			isa = XCVersionGroup;
			children = (
				C0FC71C81B0CF2B100806B50 /* CoreDataExample.xcdatamodel */,
			);
			currentVersion = C0FC71C81B0CF2B100806B50 /* CoreDataExample.xcdatamodel */;
			path = CoreDataExample.xcdatamodeld;
			sourceTree = "<group>";
			versionGroupType = wrapper.xcdatamodel;
		};
/* End XCVersionGroup section */
	};
	rootObject = C0FC71B51B0CF2B000806B50 /* Project object */;
}
